
Microsoft Visual Studio Solution File, Format Version 12.00
# Visual Studio 14
VisualStudioVersion = 14.0.24720.0
MinimumVisualStudioVersion = 10.0.40219.1
Project("{FAE04EC0-301F-11D3-BF4B-00C04F79EFBC}") = "EmployeeApp", "EmployeeApp\EmployeeApp.csproj", "{89FCE07C-5A64-4853-8AF9-2E204EFFFC37}"
EndProject
Project("{FAE04EC0-301F-11D3-BF4B-00C04F79EFBC}") = "EmployeeApp2", "EmployeeApp2\EmployeeApp2.csproj", "{E662AD2C-522B-4A63-B7F9-C2CB627029DC}"
EndProject
Global
	GlobalSection(SolutionConfigurationPlatforms) = preSolution
		Debug|ARM = Debug|ARM
		Debug|x64 = Debug|x64
		Debug|x86 = Debug|x86
		Release|ARM = Release|ARM
		Release|x64 = Release|x64
		Release|x86 = Release|x86
	EndGlobalSection
	GlobalSection(ProjectConfigurationPlatforms) = postSolution
		{89FCE07C-5A64-4853-8AF9-2E204EFFFC37}.Debug|ARM.ActiveCfg = Debug|ARM
		{89FCE07C-5A64-4853-8AF9-2E204EFFFC37}.Debug|ARM.Build.0 = Debug|ARM
		{89FCE07C-5A64-4853-8AF9-2E204EFFFC37}.Debug|ARM.Deploy.0 = Debug|ARM
		{89FCE07C-5A64-4853-8AF9-2E204EFFFC37}.Debug|x64.ActiveCfg = Debug|x64
		{89FCE07C-5A64-4853-8AF9-2E204EFFFC37}.Debug|x64.Build.0 = Debug|x64
		{89FCE07C-5A64-4853-8AF9-2E204EFFFC37}.Debug|x64.Deploy.0 = Debug|x64
		{89FCE07C-5A64-4853-8AF9-2E204EFFFC37}.Debug|x86.ActiveCfg = Debug|x86
		{89FCE07C-5A64-4853-8AF9-2E204EFFFC37}.Debug|x86.Build.0 = Debug|x86
		{89FCE07C-5A64-4853-8AF9-2E204EFFFC37}.Debug|x86.Deploy.0 = Debug|x86
		{89FCE07C-5A64-4853-8AF9-2E204EFFFC37}.Release|ARM.ActiveCfg = Release|ARM
		{89FCE07C-5A64-4853-8AF9-2E204EFFFC37}.Release|ARM.Build.0 = Release|ARM
		{89FCE07C-5A64-4853-8AF9-2E204EFFFC37}.Release|ARM.Deploy.0 = Release|ARM
		{89FCE07C-5A64-4853-8AF9-2E204EFFFC37}.Release|x64.ActiveCfg = Release|x64
		{89FCE07C-5A64-4853-8AF9-2E204EFFFC37}.Release|x64.Build.0 = Release|x64
		{89FCE07C-5A64-4853-8AF9-2E204EFFFC37}.Release|x64.Deploy.0 = Release|x64
		{89FCE07C-5A64-4853-8AF9-2E204EFFFC37}.Release|x86.ActiveCfg = Release|x86
		{89FCE07C-5A64-4853-8AF9-2E204EFFFC37}.Release|x86.Build.0 = Release|x86
		{89FCE07C-5A64-4853-8AF9-2E204EFFFC37}.Release|x86.Deploy.0 = Release|x86
		{E662AD2C-522B-4A63-B7F9-C2CB627029DC}.Debug|ARM.ActiveCfg = Debug|ARM
		{E662AD2C-522B-4A63-B7F9-C2CB627029DC}.Debug|ARM.Build.0 = Debug|ARM
		{E662AD2C-522B-4A63-B7F9-C2CB627029DC}.Debug|ARM.Deploy.0 = Debug|ARM
		{E662AD2C-522B-4A63-B7F9-C2CB627029DC}.Debug|x64.ActiveCfg = Debug|x64
		{E662AD2C-522B-4A63-B7F9-C2CB627029DC}.Debug|x64.Build.0 = Debug|x64
		{E662AD2C-522B-4A63-B7F9-C2CB627029DC}.Debug|x64.Deploy.0 = Debug|x64
		{E662AD2C-522B-4A63-B7F9-C2CB627029DC}.Debug|x86.ActiveCfg = Debug|x86
		{E662AD2C-522B-4A63-B7F9-C2CB627029DC}.Debug|x86.Build.0 = Debug|x86
		{E662AD2C-522B-4A63-B7F9-C2CB627029DC}.Debug|x86.Deploy.0 = Debug|x86
		{E662AD2C-522B-4A63-B7F9-C2CB627029DC}.Release|ARM.ActiveCfg = Release|ARM
		{E662AD2C-522B-4A63-B7F9-C2CB627029DC}.Release|ARM.Build.0 = Release|ARM
		{E662AD2C-522B-4A63-B7F9-C2CB627029DC}.Release|ARM.Deploy.0 = Release|ARM
		{E662AD2C-522B-4A63-B7F9-C2CB627029DC}.Release|x64.ActiveCfg = Release|x64
		{E662AD2C-522B-4A63-B7F9-C2CB627029DC}.Release|x64.Build.0 = Release|x64
		{E662AD2C-522B-4A63-B7F9-C2CB627029DC}.Release|x64.Deploy.0 = Release|x64
		{E662AD2C-522B-4A63-B7F9-C2CB627029DC}.Release|x86.ActiveCfg = Release|x86
		{E662AD2C-522B-4A63-B7F9-C2CB627029DC}.Release|x86.Build.0 = Release|x86
		{E662AD2C-522B-4A63-B7F9-C2CB627029DC}.Release|x86.Deploy.0 = Release|x86
	EndGlobalSection
	GlobalSection(SolutionProperties) = preSolution
		HideSolutionNode = FALSE
	EndGlobalSection
EndGlobal
